
Microsoft Visual Studio Solution File, Format Version 12.00
# Visual Studio 15
VisualStudioVersion = 15.0.28307.438
MinimumVisualStudioVersion = 10.0.40219.1
Project("{FAE04EC0-301F-11D3-BF4B-00C04F79EFBC}") = "Penta_Course02", "Penta_Course02\Penta_Course02.csproj", "{45F53A8F-96C3-4642-8EBD-4A330C103932}"
EndProject
Global
	GlobalSection(SolutionConfigurationPlatforms) = preSolution
		Debug|Any CPU = Debug|Any CPU
		Release|Any CPU = Release|Any CPU
	EndGlobalSection
	GlobalSection(ProjectConfigurationPlatforms) = postSolution
		{45F53A8F-96C3-4642-8EBD-4A330C103932}.Debug|Any CPU.ActiveCfg = Debug|Any CPU
		{45F53A8F-96C3-4642-8EBD-4A330C103932}.Debug|Any CPU.Build.0 = Debug|Any CPU
		{45F53A8F-96C3-4642-8EBD-4A330C103932}.Release|Any CPU.ActiveCfg = Release|Any CPU
		{45F53A8F-96C3-4642-8EBD-4A330C103932}.Release|Any CPU.Build.0 = Release|Any CPU
	EndGlobalSection
	GlobalSection(SolutionProperties) = preSolution
		HideSolutionNode = FALSE
	EndGlobalSection
	GlobalSection(ExtensibilityGlobals) = postSolution
		SolutionGuid = {F3753E60-C08E-4763-822F-E24AE1C37A04}
	EndGlobalSection
EndGlobal
